// !$*UTF8*$!
{
	archiveVersion = 1;
	classes = {
	};
	objectVersion = 46;
	objects = {

/* Begin PBXBuildFile section */
		306AFDBD1F0A805800E55423 /* AppDelegate.swift in Sources */ = {isa = PBXBuildFile; fileRef = 306AFDBC1F0A805800E55423 /* AppDelegate.swift */; };
		306AFDBF1F0A805800E55423 /* AppleMapsViewController.swift in Sources */ = {isa = PBXBuildFile; fileRef = 306AFDBE1F0A805800E55423 /* AppleMapsViewController.swift */; };
		306AFDC21F0A805800E55423 /* Main.storyboard in Resources */ = {isa = PBXBuildFile; fileRef = 306AFDC01F0A805800E55423 /* Main.storyboard */; };
		306AFDC41F0A805800E55423 /* Assets.xcassets in Resources */ = {isa = PBXBuildFile; fileRef = 306AFDC31F0A805800E55423 /* Assets.xcassets */; };
		306AFDC71F0A805800E55423 /* LaunchScreen.storyboard in Resources */ = {isa = PBXBuildFile; fileRef = 306AFDC51F0A805800E55423 /* LaunchScreen.storyboard */; };
/* End PBXBuildFile section */

/* Begin PBXFileReference section */
		306AFDB91F0A805800E55423 /* iX_Location.app */ = {isa = PBXFileReference; explicitFileType = wrapper.application; includeInIndex = 0; path = iX_Location.app; sourceTree = BUILT_PRODUCTS_DIR; };
		306AFDBC1F0A805800E55423 /* AppDelegate.swift */ = {isa = PBXFileReference; lastKnownFileType = sourcecode.swift; path = AppDelegate.swift; sourceTree = "<group>"; };
		306AFDBE1F0A805800E55423 /* AppleMapsViewController.swift */ = {isa = PBXFileReference; lastKnownFileType = sourcecode.swift; path = AppleMapsViewController.swift; sourceTree = "<group>"; };
		306AFDC11F0A805800E55423 /* Base */ = {isa = PBXFileReference; lastKnownFileType = file.storyboard; name = Base; path = Base.lproj/Main.storyboard; sourceTree = "<group>"; };
		306AFDC31F0A805800E55423 /* Assets.xcassets */ = {isa = PBXFileReference; lastKnownFileType = folder.assetcatalog; path = Assets.xcassets; sourceTree = "<group>"; };
		306AFDC61F0A805800E55423 /* Base */ = {isa = PBXFileReference; lastKnownFileType = file.storyboard; name = Base; path = Base.lproj/LaunchScreen.storyboard; sourceTree = "<group>"; };
		306AFDC81F0A805800E55423 /* Info.plist */ = {isa = PBXFileReference; lastKnownFileType = text.plist.xml; path = Info.plist; sourceTree = "<group>"; };
/* End PBXFileReference section */

/* Begin PBXFrameworksBuildPhase section */
		306AFDB61F0A805800E55423 /* Frameworks */ = {
			isa = PBXFrameworksBuildPhase;
			buildActionMask = 2147483647;
			files = (
			);
			runOnlyForDeploymentPostprocessing = 0;
		};
/* End PBXFrameworksBuildPhase section */

/* Begin PBXGroup section */
		306AFDB01F0A805700E55423 = {
			isa = PBXGroup;
			children = (
				306AFDBB1F0A805800E55423 /* iX_Location */,
				306AFDBA1F0A805800E55423 /* Products */,
			);
			sourceTree = "<group>";
		};
		306AFDBA1F0A805800E55423 /* Products */ = {
			isa = PBXGroup;
			children = (
				306AFDB91F0A805800E55423 /* iX_Location.app */,
			);
			name = Products;
			sourceTree = "<group>";
		};
		306AFDBB1F0A805800E55423 /* iX_Location */ = {
			isa = PBXGroup;
			children = (
				306AFDBC1F0A805800E55423 /* AppDelegate.swift */,
				306AFDBE1F0A805800E55423 /* AppleMapsViewController.swift */,
				306AFDC01F0A805800E55423 /* Main.storyboard */,
				306AFDC31F0A805800E55423 /* Assets.xcassets */,
				306AFDC51F0A805800E55423 /* LaunchScreen.storyboard */,
				306AFDC81F0A805800E55423 /* Info.plist */,
			);
			path = iX_Location;
			sourceTree = "<group>";
		};
/* End PBXGroup section */

/* Begin PBXNativeTarget section */
		306AFDB81F0A805800E55423 /* iX_Location */ = {
			isa = PBXNativeTarget;
			buildConfigurationList = 306AFDCB1F0A805800E55423 /* Build configuration list for PBXNativeTarget "iX_Location" */;
			buildPhases = (
				306AFDB51F0A805800E55423 /* Sources */,
				306AFDB61F0A805800E55423 /* Frameworks */,
				306AFDB71F0A805800E55423 /* Resources */,
			);
			buildRules = (
			);
			dependencies = (
			);
			name = iX_Location;
			productName = iX_Location;
			productReference = 306AFDB91F0A805800E55423 /* iX_Location.app */;
			productType = "com.apple.product-type.application";
		};
/* End PBXNativeTarget section */

/* Begin PBXProject section */
		306AFDB11F0A805700E55423 /* Project object */ = {
			isa = PBXProject;
			attributes = {
				LastSwiftUpdateCheck = 0820;
				LastUpgradeCheck = 0820;
				ORGANIZATIONNAME = "Jacob Shavel";
				TargetAttributes = {
					306AFDB81F0A805800E55423 = {
						CreatedOnToolsVersion = 8.2.1;
						ProvisioningStyle = Automatic;
					};
				};
			};
			buildConfigurationList = 306AFDB41F0A805700E55423 /* Build configuration list for PBXProject "iX_Location" */;
			compatibilityVersion = "Xcode 3.2";
			developmentRegion = English;
			hasScannedForEncodings = 0;
			knownRegions = (
				en,
				Base,
			);
			mainGroup = 306AFDB01F0A805700E55423;
			productRefGroup = 306AFDBA1F0A805800E55423 /* Products */;
			projectDirPath = "";
			projectRoot = "";
			targets = (
				306AFDB81F0A805800E55423 /* iX_Location */,
			);
		};
/* End PBXProject section */

/* Begin PBXResourcesBuildPhase section */
		306AFDB71F0A805800E55423 /* Resources */ = {
			isa = PBXResourcesBuildPhase;
			buildActionMask = 2147483647;
			files = (
				306AFDC71F0A805800E55423 /* LaunchScreen.storyboard in Resources */,
				306AFDC41F0A805800E55423 /* Assets.xcassets in Resources */,
				306AFDC21F0A805800E55423 /* Main.storyboard in Resources */,
			);
			runOnlyForDeploymentPostprocessing = 0;
		};
/* End PBXResourcesBuildPhase section */

/* Begin PBXSourcesBuildPhase section */
		306AFDB51F0A805800E55423 /* Sources */ = {
			isa = PBXSourcesBuildPhase;
			buildActionMask = 2147483647;
			files = (
				306AFDBF1F0A805800E55423 /* AppleMapsViewController.swift in Sources */,
				306AFDBD1F0A805800E55423 /* AppDelegate.swift in Sources */,
			);
			runOnlyForDeploymentPostprocessing = 0;
		};
/* End PBXSourcesBuildPhase section */

/* Begin PBXVariantGroup section */
		306AFDC01F0A805800E55423 /* Main.storyboard */ = {
			isa = PBXVariantGroup;
			children = (
				306AFDC11F0A805800E55423 /* Base */,
			);
			name = Main.storyboard;
			sourceTree = "<group>";
		};
		306AFDC51F0A805800E55423 /* LaunchScreen.storyboard */ = {
			isa = PBXVariantGroup;
			children = (
				306AFDC61F0A805800E55423 /* Base */,
			);
			name = LaunchScreen.storyboard;
			sourceTree = "<group>";
		};
/* End PBXVariantGroup section */

/* Begin XCBuildConfiguration section */
		306AFDC91F0A805800E55423 /* Debug */ = {
			isa = XCBuildConfiguration;
			buildSettings = {
				ALWAYS_SEARCH_USER_PATHS = NO;
				CLANG_ANALYZER_NONNULL = YES;
				CLANG_CXX_LANGUAGE_STANDARD = "gnu++0x";
				CLANG_CXX_LIBRARY = "libc++";
				CLANG_ENABLE_MODULES = YES;
				CLANG_ENABLE_OBJC_ARC = YES;
				CLANG_WARN_BOOL_CONVERSION = YES;
				CLANG_WARN_CONSTANT_CONVERSION = YES;
				CLANG_WARN_DIRECT_OBJC_ISA_USAGE = YES_ERROR;
				CLANG_WARN_DOCUMENTATION_COMMENTS = YES;
				CLANG_WARN_EMPTY_BODY = YES;
				CLANG_WARN_ENUM_CONVERSION = YES;
				CLANG_WARN_INFINITE_RECURSION = YES;
				CLANG_WARN_INT_CONVERSION = YES;
				CLANG_WARN_OBJC_ROOT_CLASS = YES_ERROR;
				CLANG_WARN_SUSPICIOUS_MOVE = YES;
				CLANG_WARN_UNREACHABLE_CODE = YES;
				CLANG_WARN__DUPLICATE_METHOD_MATCH = YES;
				"CODE_SIGN_IDENTITY[sdk=iphoneos*]" = "iPhone Developer";
				COPY_PHASE_STRIP = NO;
				DEBUG_INFORMATION_FORMAT = dwarf;
				ENABLE_STRICT_OBJC_MSGSEND = YES;
				ENABLE_TESTABILITY = YES;
				GCC_C_LANGUAGE_STANDARD = gnu99;
				GCC_DYNAMIC_NO_PIC = NO;
				GCC_NO_COMMON_BLOCKS = YES;
				GCC_OPTIMIZATION_LEVEL = 0;
				GCC_PREPROCESSOR_DEFINITIONS = (
					"DEBUG=1",
					"$(inherited)",
				);
				GCC_WARN_64_TO_32_BIT_CONVERSION = YES;
				GCC_WARN_ABOUT_RETURN_TYPE = YES_ERROR;
				GCC_WARN_UNDECLARED_SELECTOR = YES;
				GCC_WARN_UNINITIALIZED_AUTOS = YES_AGGRESSIVE;
				GCC_WARN_UNUSED_FUNCTION = YES;
				GCC_WARN_UNUSED_VARIABLE = YES;
				IPHONEOS_DEPLOYMENT_TARGET = 10.2;
				MTL_ENABLE_DEBUG_INFO = YES;
				ONLY_ACTIVE_ARCH = YES;
				SDKROOT = iphoneos;
				SWIFT_ACTIVE_COMPILATION_CONDITIONS = DEBUG;
				SWIFT_OPTIMIZATION_LEVEL = "-Onone";
				TARGETED_DEVICE_FAMILY = "1,2";
			};
			name = Debug;
		};
		306AFDCA1F0A805800E55423 /* Release */ = {
			isa = XCBuildConfiguration;
			buildSettings = {
				ALWAYS_SEARCH_USER_PATHS = NO;
				CLANG_ANALYZER_NONNULL = YES;
				CLANG_CXX_LANGUAGE_STANDARD = "gnu++0x";
				CLANG_CXX_LIBRARY = "libc++";
				CLANG_ENABLE_MODULES = YES;
				CLANG_ENABLE_OBJC_ARC = YES;
				CLANG_WARN_BOOL_CONVERSION = YES;
				CLANG_WARN_CONSTANT_CONVERSION = YES;
				CLANG_WARN_DIRECT_OBJC_ISA_USAGE = YES_ERROR;
				CLANG_WARN_DOCUMENTATION_COMMENTS = YES;
				CLANG_WARN_EMPTY_BODY = YES;
				CLANG_WARN_ENUM_CONVERSION = YES;
				CLANG_WARN_INFINITE_RECURSION = YES;
				CLANG_WARN_INT_CONVERSION = YES;
				CLANG_WARN_OBJC_ROOT_CLASS = YES_ERROR;
				CLANG_WARN_SUSPICIOUS_MOVE = YES;
				CLANG_WARN_UNREACHABLE_CODE = YES;
				CLANG_WARN__DUPLICATE_METHOD_MATCH = YES;
				"CODE_SIGN_IDENTITY[sdk=iphoneos*]" = "iPhone Developer";
				COPY_PHASE_STRIP = NO;
				DEBUG_INFORMATION_FORMAT = "dwarf-with-dsym";
				ENABLE_NS_ASSERTIONS = NO;
				ENABLE_STRICT_OBJC_MSGSEND = YES;
				GCC_C_LANGUAGE_STANDARD = gnu99;
				GCC_NO_COMMON_BLOCKS = YES;
				GCC_WARN_64_TO_32_BIT_CONVERSION = YES;
				GCC_WARN_ABOUT_RETURN_TYPE = YES_ERROR;
				GCC_WARN_UNDECLARED_SELECTOR = YES;
				GCC_WARN_UNINITIALIZED_AUTOS = YES_AGGRESSIVE;
				GCC_WARN_UNUSED_FUNCTION = YES;
				GCC_WARN_UNUSED_VARIABLE = YES;
				IPHONEOS_DEPLOYMENT_TARGET = 10.2;
				MTL_ENABLE_DEBUG_INFO = NO;
				SDKROOT = iphoneos;
				SWIFT_OPTIMIZATION_LEVEL = "-Owholemodule";
				TARGETED_DEVICE_FAMILY = "1,2";
				VALIDATE_PRODUCT = YES;
			};
			name = Release;
		};
		306AFDCC1F0A805800E55423 /* Debug */ = {
			isa = XCBuildConfiguration;
			buildSettings = {
				ASSETCATALOG_COMPILER_APPICON_NAME = AppIcon;
				INFOPLIST_FILE = iX_Location/Info.plist;
				LD_RUNPATH_SEARCH_PATHS = "$(inherited) @executable_path/Frameworks";
				PRODUCT_BUNDLE_IDENTIFIER = "Jacob-Shavel.iX-Location";
				PRODUCT_NAME = "$(TARGET_NAME)";
				SWIFT_VERSION = 3.0;
			};
			name = Debug;
		};
		306AFDCD1F0A805800E55423 /* Release */ = {
			isa = XCBuildConfiguration;
			buildSettings = {
				ASSETCATALOG_COMPILER_APPICON_NAME = AppIcon;
				INFOPLIST_FILE = iX_Location/Info.plist;
				LD_RUNPATH_SEARCH_PATHS = "$(inherited) @executable_path/Frameworks";
				PRODUCT_BUNDLE_IDENTIFIER = "Jacob-Shavel.iX-Location";
				PRODUCT_NAME = "$(TARGET_NAME)";
				SWIFT_VERSION = 3.0;
			};
			name = Release;
		};
/* End XCBuildConfiguration section */

/* Begin XCConfigurationList section */
		306AFDB41F0A805700E55423 /* Build configuration list for PBXProject "iX_Location" */ = {
			isa = XCConfigurationList;
			buildConfigurations = (
				306AFDC91F0A805800E55423 /* Debug */,
				306AFDCA1F0A805800E55423 /* Release */,
			);
			defaultConfigurationIsVisible = 0;
			defaultConfigurationName = Release;
		};
		306AFDCB1F0A805800E55423 /* Build configuration list for PBXNativeTarget "iX_Location" */ = {
			isa = XCConfigurationList;
			buildConfigurations = (
				306AFDCC1F0A805800E55423 /* Debug */,
				306AFDCD1F0A805800E55423 /* Release */,
			);
			defaultConfigurationIsVisible = 0;
		};
/* End XCConfigurationList section */
	};
	rootObject = 306AFDB11F0A805700E55423 /* Project object */;
}
